<Solution>
  <Folder Name="/samples/">
    <Project Path="samples/sample-app.tests/sample-app.tests.csproj" />
    <Project Path="samples/sample-app/sample-app.csproj" />
  </Folder>
  <Folder Name="/src/">
    <Project Path="src/jd.cli/jd.cli.csproj" />
    <Project Path="src/jd.cli.tests/jd.cli.tests.csproj" />
    <Project Path="src/jd.core/jd.core.csproj" />
    <Project Path="src/jd.definitionvalidator/jd.definitionvalidator.csproj" />
    <Project Path="src/jd.definitionvalidator.tests/jd.definitionvalidator.tests.csproj" />
    <Project Path="src/jd.resolver/jd.resolver.csproj" />
    <Project Path="src/jd.resolver.tests/jd.resolver.tests.csproj" />
  </Folder>
  <Folder Name="/src/backend-providers/">
    <Project Path="src/backend-providers/jd.bp.pulumi/jd.bp.pulumi.csproj" />
    <Project Path="src/backend-providers/jd.bp.pulumi.tests/jd.bp.pulumi.tests.csproj" />
  </Folder>
</Solution>
